{
    "_meta": {
        "hash": {
            "sha256": "48eef2c527859ed4da953e1688366ad190710b609ec2732db05498734a9065f7"
        },
        "pipfile-spec": 6,
        "requires": {
            "python_version": "3.9"
        },
        "sources": [
            {
                "name": "pypi",
                "url": "https://pypi.org/simple",
                "verify_ssl": true
            }
        ]
    },
    "default": {
        "click": {
            "hashes": [
                "sha256:d2b5255c7c6349bc1bd1e59e08cd12acbbd63ce649f2588755783aa94dfb6b1a",
                "sha256:dacca89f4bfadd5de3d7489b7c8a566eee0d3676333fbb50030263894c38c0dc"
            ],
            "index": "pypi",
            "version": "==7.1.2"
        },
        "decorator": {
            "hashes": [
                "sha256:41fa54c2a0cc4ba648be4fd43cff00aedf5b9465c9bf18d64325bc225f08f760",
                "sha256:e3a62f0520172440ca0dcc823749319382e377f37f140a0b99ef45fecb84bfe7"
            ],
            "version": "==4.4.2"
        },
        "six": {
            "hashes": [
                "sha256:30639c035cdb23534cd4aa2dd52c3bf48f06e5f4a941509c8bafd8ce11080259",
                "sha256:8b74bedcbbbaca38ff6d7491d76f2b06b3592611af620f8426e82dddb04a5ced"
            ],
            "markers": "python_version >= '2.7' and python_version not in '3.0, 3.1, 3.2, 3.3'",
            "version": "==1.15.0"
        },
        "validators": {
            "hashes": [
                "sha256:0143dcca8a386498edaf5780cbd5960da1a4c85e0719f3ee5c9b41249c4fefbd",
                "sha256:37cd9a9213278538ad09b5b9f9134266e7c226ab1fede1d500e29e0a8fbb9ea6"
            ],
            "index": "pypi",
            "version": "==0.18.2"
        },
        "yaspin": {
            "hashes": [
                "sha256:3b84b4c506271b638e6b09b9cb3ffe9a5c2aef0bb19ce9128cdd9be936c8d8ba",
                "sha256:cc37d35cc7f796dada6c37430b49e471ffa05d0686e6f8de36f83978b732df54"
            ],
            "index": "pypi",
            "version": "==1.3.0"
        }
    },
    "develop": {}
}
